
Microsoft Visual Studio Solution File, Format Version 12.00
# Visual Studio Version 17
VisualStudioVersion = 17.6.33717.318
MinimumVisualStudioVersion = 10.0.40219.1
Project("{9A19103F-16F7-4668-BE54-9A1E7A4F7556}") = "Lab3", "Lab3\Lab3.csproj", "{CE74D97E-B2D0-45B8-969A-32E853E9FE37}"
EndProject
Global
	GlobalSection(SolutionConfigurationPlatforms) = preSolution
		Debug|Any CPU = Debug|Any CPU
		Release|Any CPU = Release|Any CPU
	EndGlobalSection
	GlobalSection(ProjectConfigurationPlatforms) = postSolution
		{CE74D97E-B2D0-45B8-969A-32E853E9FE37}.Debug|Any CPU.ActiveCfg = Debug|Any CPU
		{CE74D97E-B2D0-45B8-969A-32E853E9FE37}.Debug|Any CPU.Build.0 = Debug|Any CPU
		{CE74D97E-B2D0-45B8-969A-32E853E9FE37}.Release|Any CPU.ActiveCfg = Release|Any CPU
		{CE74D97E-B2D0-45B8-969A-32E853E9FE37}.Release|Any CPU.Build.0 = Release|Any CPU
	EndGlobalSection
	GlobalSection(SolutionProperties) = preSolution
		HideSolutionNode = FALSE
	EndGlobalSection
	GlobalSection(ExtensibilityGlobals) = postSolution
		SolutionGuid = {465DF626-8DA8-49AD-888E-9B3A71D2DD97}
	EndGlobalSection
EndGlobal
